
Microsoft Visual Studio Solution File, Format Version 12.00
# Visual Studio Version 17
VisualStudioVersion = 17.7.34003.232
MinimumVisualStudioVersion = 10.0.40219.1
Project("{FAE04EC0-301F-11D3-BF4B-00C04F79EFBC}") = "GreyParrotSynthesizer", "GreyParrotSynthesizer\GreyParrotSynthesizer.csproj", "{2EA99A57-E1CF-4902-8D14-AA5C66F5FFC3}"
EndProject
Global
	GlobalSection(SolutionConfigurationPlatforms) = preSolution
		Debug|Any CPU = Debug|Any CPU
		Release|Any CPU = Release|Any CPU
	EndGlobalSection
	GlobalSection(ProjectConfigurationPlatforms) = postSolution
		{2EA99A57-E1CF-4902-8D14-AA5C66F5FFC3}.Debug|Any CPU.ActiveCfg = Debug|Any CPU
		{2EA99A57-E1CF-4902-8D14-AA5C66F5FFC3}.Debug|Any CPU.Build.0 = Debug|Any CPU
		{2EA99A57-E1CF-4902-8D14-AA5C66F5FFC3}.Release|Any CPU.ActiveCfg = Release|Any CPU
		{2EA99A57-E1CF-4902-8D14-AA5C66F5FFC3}.Release|Any CPU.Build.0 = Release|Any CPU
	EndGlobalSection
	GlobalSection(SolutionProperties) = preSolution
		HideSolutionNode = FALSE
	EndGlobalSection
	GlobalSection(ExtensibilityGlobals) = postSolution
		SolutionGuid = {6E532004-A9A1-4D31-8679-FC9D6E3B3F0B}
	EndGlobalSection
EndGlobal
